{
  "version": 1,
  "dependencies": {
    ".NETCoreApp,Version=v5.0": {
      "LiteDB": {
        "type": "Direct",
        "requested": "[5.0.9, )",
        "resolved": "5.0.9",
        "contentHash": "cWnNWXL+qaP/qrkUCYZHBUJcv+IsfJfofa+Ed4EyT0zs/gkXqfKvjTbS3uSMBfcd9I7Yf+q9YPmCpmVFrVGQtw=="
      },
      "Newtonsoft.Json": {
        "type": "Direct",
        "requested": "[12.0.3, )",
        "resolved": "12.0.3",
        "contentHash": "6mgjfnRB4jKMlzHSl+VD+oUc1IebOZabkbyWj2RiTgWwYPPuaK1H97G1sHqGwPlS5npiF5Q0OrxN1wni2n5QWg=="
      }
    }
  }
}