{
  "version": 1,
  "dependencies": {
    ".NETCoreApp,Version=v5.0": {
      "Coravel": {
        "type": "Direct",
        "requested": "[4.0.2, )",
        "resolved": "4.0.2",
        "contentHash": "rpEKIotHphis7pTjPcUlGyid1UjQsSdZLxjm/lMCgJDR8FmEQ3uAS9xfOOuAtR5jH9e63jN3flrHT8h7zuWhwg==",
        "dependencies": {
          "Microsoft.Extensions.Caching.Memory": "2.1.1",
          "Microsoft.Extensions.Hosting.Abstractions": "2.1.1",
          "Microsoft.Extensions.Logging.Abstractions": "2.1.1"
        }
      },
      "Grpc.AspNetCore": {
        "type": "Direct",
        "requested": "[2.34.0, )",
        "resolved": "2.34.0",
        "contentHash": "0KED45KfO2/pFgEpoEwmnYL4IrN+tHmYVav11A9iVHaM8d73ic2pchkUJjM9W4AYAGpXHlkfMYzkqwPWpP363w==",
        "dependencies": {
          "Google.Protobuf": "3.14.0",
          "Grpc.AspNetCore.Server.ClientFactory": "2.34.0",
          "Grpc.Tools": "2.34.0"
        }
      },
      "Grpc.AspNetCore.Web": {
        "type": "Direct",
        "requested": "[2.34.0, )",
        "resolved": "2.34.0",
        "contentHash": "l/jiOq3i28TehevioQdyCQe5L/tjswk1OQb68vpdcFAKu51zqzcnAghl7v9Bh0uhndyKuHqRj4AkAqrLGrpWwg=="
      },
      "Grpc.Tools": {
        "type": "Direct",
        "requested": "[2.35.0, )",
        "resolved": "2.35.0",
        "contentHash": "mVXSeJaBHfvGz74HxXwPys4BlRQlmKy4JQFMj5IewrkSLJwyw/Pnp76C/y9SomlkG8nxJDf3oNXgamM8Ua1f4g=="
      },
      "LiteDB": {
        "type": "Direct",
        "requested": "[5.0.10, )",
        "resolved": "5.0.10",
        "contentHash": "x70WuqMDuP75dajqSLvO+AnI/BbwS6da+ukTO7rueV7VoXoQ5CRA9FV4r7cOS4OUr2NS1Up7LDIutjCxQycRvg=="
      },
      "Newtonsoft.Json": {
        "type": "Direct",
        "requested": "[12.0.3, )",
        "resolved": "12.0.3",
        "contentHash": "6mgjfnRB4jKMlzHSl+VD+oUc1IebOZabkbyWj2RiTgWwYPPuaK1H97G1sHqGwPlS5npiF5Q0OrxN1wni2n5QWg=="
      },
      "starkbank-ecdsa": {
        "type": "Direct",
        "requested": "[1.2.1, )",
        "resolved": "1.2.1",
        "contentHash": "s9/U+QPZXVqVKtTq7Q/yOQa0Yz+xuC0AmBaUKOFhGt3dxDCZ3L+g5OOmQY+ACLEm45zivX+Zyrm/MaTen/DMvw=="
      },
      "Google.Protobuf": {
        "type": "Transitive",
        "resolved": "3.14.0",
        "contentHash": "9AkodyGNmLI+wJJPbwpWLmh4BMHoXDQ9+8qvDPhQQi/BNsleqKMBn3OlyLwC6CALwan2kc5+Cenb8fJSITX3nQ==",
        "dependencies": {
          "System.Memory": "4.5.3",
          "System.Runtime.CompilerServices.Unsafe": "4.5.2"
        }
      },
      "Grpc.AspNetCore.Server": {
        "type": "Transitive",
        "resolved": "2.34.0",
        "contentHash": "V937xHNfIQM6X2dx8ManMK+xfkjmxwVfL/kWa+kZiLnf4E0VYd/A2ocrKDnn7EQk7SV2tkCD1+fUsG3qRsKNmQ==",
        "dependencies": {
          "Grpc.Net.Common": "2.34.0"
        }
      },
      "Grpc.AspNetCore.Server.ClientFactory": {
        "type": "Transitive",
        "resolved": "2.34.0",
        "contentHash": "4NsZNtnKXt+u2KSczhU7eI+QX/XEDPnMxUtqpeMPNuI38ZEwB9HEG5W2KZQzT6vVLa8VR2GBuY0DDwWyP5hWlg==",
        "dependencies": {
          "Grpc.AspNetCore.Server": "2.34.0",
          "Grpc.Net.ClientFactory": "2.34.0"
        }
      },
      "Grpc.Core.Api": {
        "type": "Transitive",
        "resolved": "2.34.0",
        "contentHash": "TfxhML3GDy9Lo7Qk5Nax1ySGXNwxZQ3znVeV2n5SRHZC6EVoRSRy0foPAKrSgmyvrGlCdfsH4E2EmaLvCkNI2w==",
        "dependencies": {
          "System.Memory": "4.5.3"
        }
      },
      "Grpc.Net.Client": {
        "type": "Transitive",
        "resolved": "2.34.0",
        "contentHash": "UJkhLPa80jR0G6VsZmmSbKQBsvmxKPY+N2UvN/cEWZXezboRoSyk8h4Yb3t/BEHsRkjNhMqw4UPpr2INUK1HlA==",
        "dependencies": {
          "Grpc.Net.Common": "2.34.0",
          "Microsoft.Extensions.Logging.Abstractions": "3.0.3",
          "System.Diagnostics.DiagnosticSource": "4.5.1"
        }
      },
      "Grpc.Net.ClientFactory": {
        "type": "Transitive",
        "resolved": "2.34.0",
        "contentHash": "RYMFSfucrjkrlikt0cDwh7qsxvxTIuVLHKrooqy7xoXkc0fqsXNzBHCYUqbvxiqUe0vl0mugsUGb9yZDEWQNIg==",
        "dependencies": {
          "Grpc.Net.Client": "2.34.0",
          "Microsoft.Extensions.Http": "3.0.3"
        }
      },
      "Grpc.Net.Common": {
        "type": "Transitive",
        "resolved": "2.34.0",
        "contentHash": "dxVKzogjSejTV0hGeL61fmw6BSzF5uW4PBDWnx8LJFn41drgIPIXOoCJVqSAZ39lkGjTZlxtcwV5Vy6zqTf5Gw==",
        "dependencies": {
          "Grpc.Core.Api": "2.34.0"
        }
      },
      "Microsoft.Extensions.Caching.Abstractions": {
        "type": "Transitive",
        "resolved": "2.1.1",
        "contentHash": "LbT7Ry1waNBksnngFNdaNmEglQMJ8g7F6tbSoyoqpEW35W/Cj4YwURDVwoRS+jtyf6YKsTdPHV643jMMuJBi9g==",
        "dependencies": {
          "Microsoft.Extensions.Primitives": "2.1.1"
        }
      },
      "Microsoft.Extensions.Caching.Memory": {
        "type": "Transitive",
        "resolved": "2.1.1",
        "contentHash": "jR14GhHGmPzq7QChnYa3Uiu+s/QerwxbMPAlA0Ei0shDJlrRoD6FSb9hP8rmSX6oai9Z64SWbXlwBhi3L/vj9g==",
        "dependencies": {
          "Microsoft.Extensions.Caching.Abstractions": "2.1.1",
          "Microsoft.Extensions.DependencyInjection.Abstractions": "2.1.1",
          "Microsoft.Extensions.Options": "2.1.1"
        }
      },
      "Microsoft.Extensions.Configuration": {
        "type": "Transitive",
        "resolved": "3.0.3",
        "contentHash": "0F/MLd7yOSjhswQSFO6tkTREHxBffE/AS9gnvtx1jVFaKNdJPEj+2KOdREmYZ4Orpvf4nwXGwbRpX5SLlwIPEw==",
        "dependencies": {
          "Microsoft.Extensions.Configuration.Abstractions": "3.0.3"
        }
      },
      "Microsoft.Extensions.Configuration.Abstractions": {
        "type": "Transitive",
        "resolved": "3.0.3",
        "contentHash": "ND+ka7njp3HgVJCVn0YgpuxbFWBOCkcQaK+UBGJNseDhjz6I/qpXmCqLK+nXSzxU7cdscFWnUJS6wjEEEkMvSQ==",
        "dependencies": {
          "Microsoft.Extensions.Primitives": "3.0.3"
        }
      },
      "Microsoft.Extensions.Configuration.Binder": {
        "type": "Transitive",
        "resolved": "3.0.3",
        "contentHash": "hRmuReZgWqWqko4RXaGd/DP9L7380+HafHgbR5CMc7AZYmoLpUmeV8O8sgZqJONCbzg1q0Sz8U8Gy99eETpGPA==",
        "dependencies": {
          "Microsoft.Extensions.Configuration": "3.0.3"
        }
      },
      "Microsoft.Extensions.DependencyInjection": {
        "type": "Transitive",
        "resolved": "3.0.3",
        "contentHash": "Vu59TuHl3zoRI8vwK6gQL2EbWI2Qf/uBHFkSJXb4pgNvW7g8yK6Gn3v1bXDIKbMKEneTApriHfCVde0O314K+g==",
        "dependencies": {
          "Microsoft.Extensions.DependencyInjection.Abstractions": "3.0.3"
        }
      },
      "Microsoft.Extensions.DependencyInjection.Abstractions": {
        "type": "Transitive",
        "resolved": "3.0.3",
        "contentHash": "Wb1ejBzHhCvp7VMr+M7vlHoXb68mJ89IHj4L+TzL8yA+X7Iz2UTAEkl8aIbhRloroYJw5zvlIPtKF5uA4wFlxw=="
      },
      "Microsoft.Extensions.FileProviders.Abstractions": {
        "type": "Transitive",
        "resolved": "2.1.1",
        "contentHash": "UEQB5/QPuLYaCvScZQ9llhcks5xyEUKh41D615FoehRAF9UgGVmXHcCSOH8idHHLRoKm+OJJjEy1oywvuaL33w==",
        "dependencies": {
          "Microsoft.Extensions.Primitives": "2.1.1"
        }
      },
      "Microsoft.Extensions.Hosting.Abstractions": {
        "type": "Transitive",
        "resolved": "2.1.1",
        "contentHash": "kVVdHnOFJbcXxgZzrT6nwkrWZTHL+47LT59S9J2Jp0BNO3EQWNEZHUUZMb/kKFV7LtW+bp+EuAOPNUqEcqI++Q==",
        "dependencies": {
          "Microsoft.Extensions.Configuration.Abstractions": "2.1.1",
          "Microsoft.Extensions.DependencyInjection.Abstractions": "2.1.1",
          "Microsoft.Extensions.FileProviders.Abstractions": "2.1.1",
          "Microsoft.Extensions.Logging.Abstractions": "2.1.1"
        }
      },
      "Microsoft.Extensions.Http": {
        "type": "Transitive",
        "resolved": "3.0.3",
        "contentHash": "dcyB8szIcSynjVZRuFgqkZpPgTc5zeRSj1HMXSmNqWbHYKiPYJl8ZQgBHz6wmZNSUUNGpCs5uxUg8DZHHDC1Ew==",
        "dependencies": {
          "Microsoft.Extensions.DependencyInjection.Abstractions": "3.0.3",
          "Microsoft.Extensions.Logging": "3.0.3",
          "Microsoft.Extensions.Options": "3.0.3"
        }
      },
      "Microsoft.Extensions.Logging": {
        "type": "Transitive",
        "resolved": "3.0.3",
        "contentHash": "uAZppu6kWIgS+VtVjqmhh+k3bMztwWQR5HYxI++Cn5Kz5m099g0KJ+krUrckaZP9NqIplQu63tPR5YpNWnjLuw==",
        "dependencies": {
          "Microsoft.Extensions.Configuration.Binder": "3.0.3",
          "Microsoft.Extensions.DependencyInjection": "3.0.3",
          "Microsoft.Extensions.Logging.Abstractions": "3.0.3",
          "Microsoft.Extensions.Options": "3.0.3"
        }
      },
      "Microsoft.Extensions.Logging.Abstractions": {
        "type": "Transitive",
        "resolved": "3.0.3",
        "contentHash": "m2Jyi/MEn043WMI1I6J1ALuCThktZ93rd7eqzYeLmMcA0bdZC+TBVl0LuEbEWM01dWeeBjOoagjNwQTzOi2r6A=="
      },
      "Microsoft.Extensions.Options": {
        "type": "Transitive",
        "resolved": "3.0.3",
        "contentHash": "cvP/w0kyT9TmrDPMY2ZHJBWx+gRH0jHKaJPkzN47UBpLLC4KbqVU5AoCMK47+ZChlINhqJX2WTflbLe5KufD/A==",
        "dependencies": {
          "Microsoft.Extensions.DependencyInjection.Abstractions": "3.0.3",
          "Microsoft.Extensions.Primitives": "3.0.3"
        }
      },
      "Microsoft.Extensions.Primitives": {
        "type": "Transitive",
        "resolved": "3.0.3",
        "contentHash": "eJuAFVIH9zUZ7j7tCSbJD+tS0dueENIerwoGxFL8RYqCmbEqQ7wVOG+mt2mZAbEpnMPsGl1Fc/HIhWpB9ftwhg=="
      },
      "System.Diagnostics.DiagnosticSource": {
        "type": "Transitive",
        "resolved": "4.5.1",
        "contentHash": "zCno/m44ymWhgLFh7tELDG9587q0l/EynPM0m4KgLaWQbz/TEKvNRX2YT5ip2qXW/uayifQ2ZqbnErsKJ4lYrQ=="
      },
      "System.Memory": {
        "type": "Transitive",
        "resolved": "4.5.3",
        "contentHash": "3oDzvc/zzetpTKWMShs1AADwZjQ/36HnsufHRPcOjyRAAMLDlu2iD33MBI2opxnezcVUtXyqDXXjoFMOU9c7SA=="
      },
      "System.Runtime.CompilerServices.Unsafe": {
        "type": "Transitive",
        "resolved": "4.5.2",
        "contentHash": "wprSFgext8cwqymChhrBLu62LMg/1u92bU+VOwyfBimSPVFXtsNqEWC92Pf9ofzJFlk4IHmJA75EDJn1b2goAQ=="
      }
    }
  }
}